
Microsoft Visual Studio Solution File, Format Version 12.00
# Visual Studio 15
VisualStudioVersion = 15.0.28307.572
MinimumVisualStudioVersion = 10.0.40219.1
Project("{9A19103F-16F7-4668-BE54-9A1E7A4F7556}") = "APIGateway", "APIGateway\APIGateway.csproj", "{E80CF603-D4FC-444F-A0BF-C4BC7D90AB02}"
EndProject
Project("{9A19103F-16F7-4668-BE54-9A1E7A4F7556}") = "FileServerManager", "FileServerManager\FileServerManager.csproj", "{AE2D5332-B8FD-4FD2-9A04-E3C4580C5A60}"
EndProject
Project("{9A19103F-16F7-4668-BE54-9A1E7A4F7556}") = "UserManagementServer", "UserManagementServer\UserManagementServer.csproj", "{42969FCA-E521-4323-9F64-1A1F762CF649}"
EndProject
Project("{2150E333-8FDC-42A3-9474-1A3956D46DE8}") = "Solution Items", "Solution Items", "{1137CCD0-51BB-4112-9117-9EF4DA51C35E}"
	ProjectSection(SolutionItems) = preProject
		TODO.txt = TODO.txt
	EndProjectSection
EndProject
Project("{9A19103F-16F7-4668-BE54-9A1E7A4F7556}") = "FileServer1", "FileServer1\FileServer1.csproj", "{C0018753-8764-4CFE-A088-EB7949D8F298}"
EndProject
Project("{9A19103F-16F7-4668-BE54-9A1E7A4F7556}") = "FileServer2", "FileServer2\FileServer2.csproj", "{ED38F214-DCE6-4E38-9EDF-32D2360AD865}"
EndProject
Global
	GlobalSection(SolutionConfigurationPlatforms) = preSolution
		Debug|Any CPU = Debug|Any CPU
		Release|Any CPU = Release|Any CPU
	EndGlobalSection
	GlobalSection(ProjectConfigurationPlatforms) = postSolution
		{E80CF603-D4FC-444F-A0BF-C4BC7D90AB02}.Debug|Any CPU.ActiveCfg = Debug|Any CPU
		{E80CF603-D4FC-444F-A0BF-C4BC7D90AB02}.Debug|Any CPU.Build.0 = Debug|Any CPU
		{E80CF603-D4FC-444F-A0BF-C4BC7D90AB02}.Release|Any CPU.ActiveCfg = Release|Any CPU
		{E80CF603-D4FC-444F-A0BF-C4BC7D90AB02}.Release|Any CPU.Build.0 = Release|Any CPU
		{AE2D5332-B8FD-4FD2-9A04-E3C4580C5A60}.Debug|Any CPU.ActiveCfg = Debug|Any CPU
		{AE2D5332-B8FD-4FD2-9A04-E3C4580C5A60}.Debug|Any CPU.Build.0 = Debug|Any CPU
		{AE2D5332-B8FD-4FD2-9A04-E3C4580C5A60}.Release|Any CPU.ActiveCfg = Release|Any CPU
		{AE2D5332-B8FD-4FD2-9A04-E3C4580C5A60}.Release|Any CPU.Build.0 = Release|Any CPU
		{42969FCA-E521-4323-9F64-1A1F762CF649}.Debug|Any CPU.ActiveCfg = Debug|Any CPU
		{42969FCA-E521-4323-9F64-1A1F762CF649}.Debug|Any CPU.Build.0 = Debug|Any CPU
		{42969FCA-E521-4323-9F64-1A1F762CF649}.Release|Any CPU.ActiveCfg = Release|Any CPU
		{42969FCA-E521-4323-9F64-1A1F762CF649}.Release|Any CPU.Build.0 = Release|Any CPU
		{C0018753-8764-4CFE-A088-EB7949D8F298}.Debug|Any CPU.ActiveCfg = Debug|Any CPU
		{C0018753-8764-4CFE-A088-EB7949D8F298}.Debug|Any CPU.Build.0 = Debug|Any CPU
		{C0018753-8764-4CFE-A088-EB7949D8F298}.Release|Any CPU.ActiveCfg = Release|Any CPU
		{C0018753-8764-4CFE-A088-EB7949D8F298}.Release|Any CPU.Build.0 = Release|Any CPU
		{ED38F214-DCE6-4E38-9EDF-32D2360AD865}.Debug|Any CPU.ActiveCfg = Debug|Any CPU
		{ED38F214-DCE6-4E38-9EDF-32D2360AD865}.Debug|Any CPU.Build.0 = Debug|Any CPU
		{ED38F214-DCE6-4E38-9EDF-32D2360AD865}.Release|Any CPU.ActiveCfg = Release|Any CPU
		{ED38F214-DCE6-4E38-9EDF-32D2360AD865}.Release|Any CPU.Build.0 = Release|Any CPU
	EndGlobalSection
	GlobalSection(SolutionProperties) = preSolution
		HideSolutionNode = FALSE
	EndGlobalSection
	GlobalSection(ExtensibilityGlobals) = postSolution
		SolutionGuid = {AD32C932-17A7-4D28-91C9-2F268222354C}
	EndGlobalSection
EndGlobal
